
Microsoft Visual Studio Solution File, Format Version 12.00
Project("{FAE04EC0-301F-11D3-BF4B-00C04F79EFBC}") = "NParasiticNumberEndingInN", "NParasiticNumberEndingInN\NParasiticNumberEndingInN.csproj", "{24F8A2D4-D210-48EB-A14D-C95D4AA3F3F9}"
EndProject
Global
	GlobalSection(SolutionConfigurationPlatforms) = preSolution
		Debug|Any CPU = Debug|Any CPU
		Release|Any CPU = Release|Any CPU
	EndGlobalSection
	GlobalSection(ProjectConfigurationPlatforms) = postSolution
		{24F8A2D4-D210-48EB-A14D-C95D4AA3F3F9}.Debug|Any CPU.ActiveCfg = Debug|Any CPU
		{24F8A2D4-D210-48EB-A14D-C95D4AA3F3F9}.Debug|Any CPU.Build.0 = Debug|Any CPU
		{24F8A2D4-D210-48EB-A14D-C95D4AA3F3F9}.Release|Any CPU.ActiveCfg = Release|Any CPU
		{24F8A2D4-D210-48EB-A14D-C95D4AA3F3F9}.Release|Any CPU.Build.0 = Release|Any CPU
	EndGlobalSection
EndGlobal
